
Microsoft Visual Studio Solution File, Format Version 12.00
# Visual Studio Version 16
VisualStudioVersion = 16.0.31205.134
MinimumVisualStudioVersion = 10.0.40219.1
Project("{9A19103F-16F7-4668-BE54-9A1E7A4F7556}") = "PRC.CORE", "PRC.CORE\PRC.CORE.csproj", "{24DBD4ED-9200-44CC-9D64-326F6D4E9BD5}"
EndProject
Project("{9A19103F-16F7-4668-BE54-9A1E7A4F7556}") = "PRC.SERVICE", "PRC.SERVICE\PRC.SERVICE.csproj", "{AC26A299-25FE-4141-8EC1-4FB34E04CAE6}"
EndProject
Project("{9A19103F-16F7-4668-BE54-9A1E7A4F7556}") = "PRC.DATA", "PRC.DATA\PRC.DATA.csproj", "{CA79D04B-0139-4429-803A-04F7A3E5E460}"
EndProject
Project("{9A19103F-16F7-4668-BE54-9A1E7A4F7556}") = "PRC.PROCESS", "PRC.PROCESS\PRC.PROCESS.csproj", "{7DDBB4BB-81AC-459C-87D2-31821AA42589}"
EndProject
Project("{9A19103F-16F7-4668-BE54-9A1E7A4F7556}") = "PRC.HELPER", "PRC.HELPER\PRC.HELPER.csproj", "{88F99464-587D-40C8-9F3C-31199DBE43A0}"
EndProject
Project("{9A19103F-16F7-4668-BE54-9A1E7A4F7556}") = "PRC.API", "PRC.API\PRC.API.csproj", "{F0F3F11C-44EC-47C5-BD08-2DD258AF957E}"
EndProject
Project("{2150E333-8FDC-42A3-9474-1A3956D46DE8}") = "PRC.MEDIA", "PRC.MEDIA", "{2A362224-F0D9-4A41-A80A-47260225BB04}"
EndProject
Project("{9A19103F-16F7-4668-BE54-9A1E7A4F7556}") = "PRC.MEDIA.OXE", "PRC.MEDIA.OXE\PRC.MEDIA.OXE.csproj", "{FCCCEA4F-4527-4D3C-ABB5-275ADFAEF28B}"
EndProject
Project("{9A19103F-16F7-4668-BE54-9A1E7A4F7556}") = "PRC.MEDIA.ASTERISK", "PRC.MEDIA.ASTERISK\PRC.MEDIA.ASTERISK.csproj", "{13CD16EE-E9D5-4311-A9C1-E251F4376AFD}"
EndProject
Project("{9A19103F-16F7-4668-BE54-9A1E7A4F7556}") = "o2g-sdk", "PRC.MEDIA\SubProjet\o2g-sdk.csproj", "{E0363BE3-F981-4F2A-BB7C-D89A35B88502}"
EndProject
Project("{2150E333-8FDC-42A3-9474-1A3956D46DE8}") = "Test", "Test", "{0B8302F6-D565-4195-83F0-7538D4F4DEBC}"
EndProject
Project("{FAE04EC0-301F-11D3-BF4B-00C04F79EFBC}") = "Tools", "Tools\Tools.csproj", "{BCF29C81-52C4-4E4E-B4F4-8115F32CA66F}"
EndProject
Global
	GlobalSection(SolutionConfigurationPlatforms) = preSolution
		Debug|Any CPU = Debug|Any CPU
		Release|Any CPU = Release|Any CPU
	EndGlobalSection
	GlobalSection(ProjectConfigurationPlatforms) = postSolution
		{24DBD4ED-9200-44CC-9D64-326F6D4E9BD5}.Debug|Any CPU.ActiveCfg = Debug|Any CPU
		{24DBD4ED-9200-44CC-9D64-326F6D4E9BD5}.Debug|Any CPU.Build.0 = Debug|Any CPU
		{24DBD4ED-9200-44CC-9D64-326F6D4E9BD5}.Release|Any CPU.ActiveCfg = Release|Any CPU
		{24DBD4ED-9200-44CC-9D64-326F6D4E9BD5}.Release|Any CPU.Build.0 = Release|Any CPU
		{AC26A299-25FE-4141-8EC1-4FB34E04CAE6}.Debug|Any CPU.ActiveCfg = Debug|Any CPU
		{AC26A299-25FE-4141-8EC1-4FB34E04CAE6}.Debug|Any CPU.Build.0 = Debug|Any CPU
		{AC26A299-25FE-4141-8EC1-4FB34E04CAE6}.Release|Any CPU.ActiveCfg = Release|Any CPU
		{AC26A299-25FE-4141-8EC1-4FB34E04CAE6}.Release|Any CPU.Build.0 = Release|Any CPU
		{CA79D04B-0139-4429-803A-04F7A3E5E460}.Debug|Any CPU.ActiveCfg = Debug|Any CPU
		{CA79D04B-0139-4429-803A-04F7A3E5E460}.Debug|Any CPU.Build.0 = Debug|Any CPU
		{CA79D04B-0139-4429-803A-04F7A3E5E460}.Release|Any CPU.ActiveCfg = Release|Any CPU
		{CA79D04B-0139-4429-803A-04F7A3E5E460}.Release|Any CPU.Build.0 = Release|Any CPU
		{7DDBB4BB-81AC-459C-87D2-31821AA42589}.Debug|Any CPU.ActiveCfg = Debug|Any CPU
		{7DDBB4BB-81AC-459C-87D2-31821AA42589}.Debug|Any CPU.Build.0 = Debug|Any CPU
		{7DDBB4BB-81AC-459C-87D2-31821AA42589}.Release|Any CPU.ActiveCfg = Release|Any CPU
		{7DDBB4BB-81AC-459C-87D2-31821AA42589}.Release|Any CPU.Build.0 = Release|Any CPU
		{88F99464-587D-40C8-9F3C-31199DBE43A0}.Debug|Any CPU.ActiveCfg = Debug|Any CPU
		{88F99464-587D-40C8-9F3C-31199DBE43A0}.Debug|Any CPU.Build.0 = Debug|Any CPU
		{88F99464-587D-40C8-9F3C-31199DBE43A0}.Release|Any CPU.ActiveCfg = Release|Any CPU
		{88F99464-587D-40C8-9F3C-31199DBE43A0}.Release|Any CPU.Build.0 = Release|Any CPU
		{F0F3F11C-44EC-47C5-BD08-2DD258AF957E}.Debug|Any CPU.ActiveCfg = Debug|Any CPU
		{F0F3F11C-44EC-47C5-BD08-2DD258AF957E}.Debug|Any CPU.Build.0 = Debug|Any CPU
		{F0F3F11C-44EC-47C5-BD08-2DD258AF957E}.Release|Any CPU.ActiveCfg = Release|Any CPU
		{F0F3F11C-44EC-47C5-BD08-2DD258AF957E}.Release|Any CPU.Build.0 = Release|Any CPU
		{FCCCEA4F-4527-4D3C-ABB5-275ADFAEF28B}.Debug|Any CPU.ActiveCfg = Debug|Any CPU
		{FCCCEA4F-4527-4D3C-ABB5-275ADFAEF28B}.Debug|Any CPU.Build.0 = Debug|Any CPU
		{FCCCEA4F-4527-4D3C-ABB5-275ADFAEF28B}.Release|Any CPU.ActiveCfg = Release|Any CPU
		{FCCCEA4F-4527-4D3C-ABB5-275ADFAEF28B}.Release|Any CPU.Build.0 = Release|Any CPU
		{13CD16EE-E9D5-4311-A9C1-E251F4376AFD}.Debug|Any CPU.ActiveCfg = Debug|Any CPU
		{13CD16EE-E9D5-4311-A9C1-E251F4376AFD}.Debug|Any CPU.Build.0 = Debug|Any CPU
		{13CD16EE-E9D5-4311-A9C1-E251F4376AFD}.Release|Any CPU.ActiveCfg = Release|Any CPU
		{13CD16EE-E9D5-4311-A9C1-E251F4376AFD}.Release|Any CPU.Build.0 = Release|Any CPU
		{E0363BE3-F981-4F2A-BB7C-D89A35B88502}.Debug|Any CPU.ActiveCfg = Debug|Any CPU
		{E0363BE3-F981-4F2A-BB7C-D89A35B88502}.Debug|Any CPU.Build.0 = Debug|Any CPU
		{E0363BE3-F981-4F2A-BB7C-D89A35B88502}.Release|Any CPU.ActiveCfg = Release|Any CPU
		{E0363BE3-F981-4F2A-BB7C-D89A35B88502}.Release|Any CPU.Build.0 = Release|Any CPU
		{BCF29C81-52C4-4E4E-B4F4-8115F32CA66F}.Debug|Any CPU.ActiveCfg = Debug|Any CPU
		{BCF29C81-52C4-4E4E-B4F4-8115F32CA66F}.Debug|Any CPU.Build.0 = Debug|Any CPU
		{BCF29C81-52C4-4E4E-B4F4-8115F32CA66F}.Release|Any CPU.ActiveCfg = Release|Any CPU
		{BCF29C81-52C4-4E4E-B4F4-8115F32CA66F}.Release|Any CPU.Build.0 = Release|Any CPU
	EndGlobalSection
	GlobalSection(SolutionProperties) = preSolution
		HideSolutionNode = FALSE
	EndGlobalSection
	GlobalSection(NestedProjects) = preSolution
		{FCCCEA4F-4527-4D3C-ABB5-275ADFAEF28B} = {2A362224-F0D9-4A41-A80A-47260225BB04}
		{13CD16EE-E9D5-4311-A9C1-E251F4376AFD} = {2A362224-F0D9-4A41-A80A-47260225BB04}
		{E0363BE3-F981-4F2A-BB7C-D89A35B88502} = {2A362224-F0D9-4A41-A80A-47260225BB04}
		{BCF29C81-52C4-4E4E-B4F4-8115F32CA66F} = {0B8302F6-D565-4195-83F0-7538D4F4DEBC}
	EndGlobalSection
	GlobalSection(ExtensibilityGlobals) = postSolution
		SolutionGuid = {F9A79D83-3D65-4FFE-AA3E-C446729EF349}
	EndGlobalSection
EndGlobal
