
Microsoft Visual Studio Solution File, Format Version 12.00
# Visual Studio Version 16
VisualStudioVersion = 16.0.31205.134
MinimumVisualStudioVersion = 10.0.40219.1
Project("{FAE04EC0-301F-11D3-BF4B-00C04F79EFBC}") = "PRC.COEUR", "PRC.COEUR\PRC.COEUR.csproj", "{8A7797EE-1E1D-4356-BB3B-025285450A46}"
EndProject
Project("{FAE04EC0-301F-11D3-BF4B-00C04F79EFBC}") = "PRC.CORE", "PRC.CORE\PRC.CORE.csproj", "{24DBD4ED-9200-44CC-9D64-326F6D4E9BD5}"
EndProject
Project("{FAE04EC0-301F-11D3-BF4B-00C04F79EFBC}") = "PRC.SERVICE", "PRC.SERVICE\PRC.SERVICE.csproj", "{AC26A299-25FE-4141-8EC1-4FB34E04CAE6}"
EndProject
Project("{FAE04EC0-301F-11D3-BF4B-00C04F79EFBC}") = "PRC.DATA", "PRC.DATA\PRC.DATA.csproj", "{CA79D04B-0139-4429-803A-04F7A3E5E460}"
EndProject
Project("{FAE04EC0-301F-11D3-BF4B-00C04F79EFBC}") = "PRC.MEDIA", "PRC.MEDIA\PRC.MEDIA.csproj", "{E909E1B5-DAB5-4B54-81FC-0812E2F655D8}"
EndProject
Project("{FAE04EC0-301F-11D3-BF4B-00C04F79EFBC}") = "PRC.PROCESS", "PRC.PROCESS\PRC.PROCESS.csproj", "{7DDBB4BB-81AC-459C-87D2-31821AA42589}"
EndProject
Project("{FAE04EC0-301F-11D3-BF4B-00C04F79EFBC}") = "PRC.HELPER", "PRC.HELPER\PRC.HELPER.csproj", "{88F99464-587D-40C8-9F3C-31199DBE43A0}"
EndProject
Global
	GlobalSection(SolutionConfigurationPlatforms) = preSolution
		Debug|Any CPU = Debug|Any CPU
		Release|Any CPU = Release|Any CPU
	EndGlobalSection
	GlobalSection(ProjectConfigurationPlatforms) = postSolution
		{8A7797EE-1E1D-4356-BB3B-025285450A46}.Debug|Any CPU.ActiveCfg = Debug|Any CPU
		{8A7797EE-1E1D-4356-BB3B-025285450A46}.Debug|Any CPU.Build.0 = Debug|Any CPU
		{8A7797EE-1E1D-4356-BB3B-025285450A46}.Release|Any CPU.ActiveCfg = Release|Any CPU
		{8A7797EE-1E1D-4356-BB3B-025285450A46}.Release|Any CPU.Build.0 = Release|Any CPU
		{24DBD4ED-9200-44CC-9D64-326F6D4E9BD5}.Debug|Any CPU.ActiveCfg = Debug|Any CPU
		{24DBD4ED-9200-44CC-9D64-326F6D4E9BD5}.Debug|Any CPU.Build.0 = Debug|Any CPU
		{24DBD4ED-9200-44CC-9D64-326F6D4E9BD5}.Release|Any CPU.ActiveCfg = Release|Any CPU
		{24DBD4ED-9200-44CC-9D64-326F6D4E9BD5}.Release|Any CPU.Build.0 = Release|Any CPU
		{AC26A299-25FE-4141-8EC1-4FB34E04CAE6}.Debug|Any CPU.ActiveCfg = Debug|Any CPU
		{AC26A299-25FE-4141-8EC1-4FB34E04CAE6}.Debug|Any CPU.Build.0 = Debug|Any CPU
		{AC26A299-25FE-4141-8EC1-4FB34E04CAE6}.Release|Any CPU.ActiveCfg = Release|Any CPU
		{AC26A299-25FE-4141-8EC1-4FB34E04CAE6}.Release|Any CPU.Build.0 = Release|Any CPU
		{CA79D04B-0139-4429-803A-04F7A3E5E460}.Debug|Any CPU.ActiveCfg = Debug|Any CPU
		{CA79D04B-0139-4429-803A-04F7A3E5E460}.Debug|Any CPU.Build.0 = Debug|Any CPU
		{CA79D04B-0139-4429-803A-04F7A3E5E460}.Release|Any CPU.ActiveCfg = Release|Any CPU
		{CA79D04B-0139-4429-803A-04F7A3E5E460}.Release|Any CPU.Build.0 = Release|Any CPU
		{E909E1B5-DAB5-4B54-81FC-0812E2F655D8}.Debug|Any CPU.ActiveCfg = Debug|Any CPU
		{E909E1B5-DAB5-4B54-81FC-0812E2F655D8}.Debug|Any CPU.Build.0 = Debug|Any CPU
		{E909E1B5-DAB5-4B54-81FC-0812E2F655D8}.Release|Any CPU.ActiveCfg = Release|Any CPU
		{E909E1B5-DAB5-4B54-81FC-0812E2F655D8}.Release|Any CPU.Build.0 = Release|Any CPU
		{7DDBB4BB-81AC-459C-87D2-31821AA42589}.Debug|Any CPU.ActiveCfg = Debug|Any CPU
		{7DDBB4BB-81AC-459C-87D2-31821AA42589}.Debug|Any CPU.Build.0 = Debug|Any CPU
		{7DDBB4BB-81AC-459C-87D2-31821AA42589}.Release|Any CPU.ActiveCfg = Release|Any CPU
		{7DDBB4BB-81AC-459C-87D2-31821AA42589}.Release|Any CPU.Build.0 = Release|Any CPU
		{88F99464-587D-40C8-9F3C-31199DBE43A0}.Debug|Any CPU.ActiveCfg = Debug|Any CPU
		{88F99464-587D-40C8-9F3C-31199DBE43A0}.Debug|Any CPU.Build.0 = Debug|Any CPU
		{88F99464-587D-40C8-9F3C-31199DBE43A0}.Release|Any CPU.ActiveCfg = Release|Any CPU
		{88F99464-587D-40C8-9F3C-31199DBE43A0}.Release|Any CPU.Build.0 = Release|Any CPU
	EndGlobalSection
	GlobalSection(SolutionProperties) = preSolution
		HideSolutionNode = FALSE
	EndGlobalSection
	GlobalSection(ExtensibilityGlobals) = postSolution
		SolutionGuid = {F9A79D83-3D65-4FFE-AA3E-C446729EF349}
	EndGlobalSection
EndGlobal
